
Microsoft Visual Studio Solution File, Format Version 12.00
# Visual Studio Version 17
VisualStudioVersion = 17.11.35219.272
MinimumVisualStudioVersion = 10.0.40219.1
Project("{FAE04EC0-301F-11D3-BF4B-00C04F79EFBC}") = "DA_Lesson14_2", "DA_Lesson14_2\DA_Lesson14_2.csproj", "{35EE75D2-CBD4-4E8C-9F71-A6704615C7E3}"
EndProject
Global
	GlobalSection(SolutionConfigurationPlatforms) = preSolution
		Debug|Any CPU = Debug|Any CPU
		Release|Any CPU = Release|Any CPU
	EndGlobalSection
	GlobalSection(ProjectConfigurationPlatforms) = postSolution
		{35EE75D2-CBD4-4E8C-9F71-A6704615C7E3}.Debug|Any CPU.ActiveCfg = Debug|Any CPU
		{35EE75D2-CBD4-4E8C-9F71-A6704615C7E3}.Debug|Any CPU.Build.0 = Debug|Any CPU
		{35EE75D2-CBD4-4E8C-9F71-A6704615C7E3}.Release|Any CPU.ActiveCfg = Release|Any CPU
		{35EE75D2-CBD4-4E8C-9F71-A6704615C7E3}.Release|Any CPU.Build.0 = Release|Any CPU
	EndGlobalSection
	GlobalSection(SolutionProperties) = preSolution
		HideSolutionNode = FALSE
	EndGlobalSection
	GlobalSection(ExtensibilityGlobals) = postSolution
		SolutionGuid = {5165C8AE-2B1A-408A-9952-01F22D0E2C88}
	EndGlobalSection
EndGlobal
